
Microsoft Visual Studio Solution File, Format Version 12.00
# Visual Studio Version 17
VisualStudioVersion = 17.10.35013.160
MinimumVisualStudioVersion = 10.0.40219.1
Project("{F184B08F-C81C-45F6-A57F-5ABD9991F28F}") = "WinFormsApp", "WinFormsApp\WinFormsApp.vbproj", "{B7A9F778-59F0-4F0F-8532-5DC818AE1D21}"
EndProject
Global
	GlobalSection(SolutionConfigurationPlatforms) = preSolution
		Debug|Any CPU = Debug|Any CPU
		Release|Any CPU = Release|Any CPU
	EndGlobalSection
	GlobalSection(ProjectConfigurationPlatforms) = postSolution
		{B7A9F778-59F0-4F0F-8532-5DC818AE1D21}.Debug|Any CPU.ActiveCfg = Debug|Any CPU
		{B7A9F778-59F0-4F0F-8532-5DC818AE1D21}.Debug|Any CPU.Build.0 = Debug|Any CPU
		{B7A9F778-59F0-4F0F-8532-5DC818AE1D21}.Release|Any CPU.ActiveCfg = Release|Any CPU
		{B7A9F778-59F0-4F0F-8532-5DC818AE1D21}.Release|Any CPU.Build.0 = Release|Any CPU
	EndGlobalSection
	GlobalSection(SolutionProperties) = preSolution
		HideSolutionNode = FALSE
	EndGlobalSection
	GlobalSection(ExtensibilityGlobals) = postSolution
		SolutionGuid = {D8E7FBE8-0F2F-48F7-891C-EEE469F61E12}
	EndGlobalSection
EndGlobal
